
Microsoft Visual Studio Solution File, Format Version 12.00
# Visual Studio Version 17
VisualStudioVersion = 17.7.34003.232
MinimumVisualStudioVersion = 10.0.40219.1
Project("{FAE04EC0-301F-11D3-BF4B-00C04F79EFBC}") = "Coderhouse", "Coderhouse\Coderhouse.csproj", "{82723C8D-695F-4E36-870C-561187D2472B}"
EndProject
Global
	GlobalSection(SolutionConfigurationPlatforms) = preSolution
		Debug|Any CPU = Debug|Any CPU
		Release|Any CPU = Release|Any CPU
	EndGlobalSection
	GlobalSection(ProjectConfigurationPlatforms) = postSolution
		{82723C8D-695F-4E36-870C-561187D2472B}.Debug|Any CPU.ActiveCfg = Debug|Any CPU
		{82723C8D-695F-4E36-870C-561187D2472B}.Debug|Any CPU.Build.0 = Debug|Any CPU
		{82723C8D-695F-4E36-870C-561187D2472B}.Release|Any CPU.ActiveCfg = Release|Any CPU
		{82723C8D-695F-4E36-870C-561187D2472B}.Release|Any CPU.Build.0 = Release|Any CPU
	EndGlobalSection
	GlobalSection(SolutionProperties) = preSolution
		HideSolutionNode = FALSE
	EndGlobalSection
	GlobalSection(ExtensibilityGlobals) = postSolution
		SolutionGuid = {EB030B53-7FBA-4E9E-82B9-2FCF8FE28832}
	EndGlobalSection
EndGlobal
